// !$*UTF8*$!
{
	archiveVersion = 1;
	classes = {
	};
	objectVersion = 56;
	objects = {

/* Begin PBXBuildFile section */
		0714B16728E7E4C900E7F2BE /* AppDelegate.swift in Sources */ = {isa = PBXBuildFile; fileRef = 0714B16628E7E4C900E7F2BE /* AppDelegate.swift */; };
		0714B16928E7E4C900E7F2BE /* SceneDelegate.swift in Sources */ = {isa = PBXBuildFile; fileRef = 0714B16828E7E4C900E7F2BE /* SceneDelegate.swift */; };
		0714B17028E7E4CA00E7F2BE /* Assets.xcassets in Resources */ = {isa = PBXBuildFile; fileRef = 0714B16F28E7E4CA00E7F2BE /* Assets.xcassets */; };
		0714B17328E7E4CA00E7F2BE /* LaunchScreen.storyboard in Resources */ = {isa = PBXBuildFile; fileRef = 0714B17128E7E4CA00E7F2BE /* LaunchScreen.storyboard */; };
		0747A39C28ECCDE100CD5187 /* Main.storyboard in Resources */ = {isa = PBXBuildFile; fileRef = 0714B16C28E7E4C900E7F2BE /* Main.storyboard */; };
		0747A39F28ECD29700CD5187 /* EventTypesViewModel.swift in Sources */ = {isa = PBXBuildFile; fileRef = 0747A39E28ECD29700CD5187 /* EventTypesViewModel.swift */; };
		0747A3A128ECD2BB00CD5187 /* EventTypesViewController.swift in Sources */ = {isa = PBXBuildFile; fileRef = 0747A3A028ECD2BB00CD5187 /* EventTypesViewController.swift */; };
		0747A3AD28ECD58300CD5187 /* String+UIColor.swift in Sources */ = {isa = PBXBuildFile; fileRef = 0747A3AC28ECD58300CD5187 /* String+UIColor.swift */; };
		0747A3AF28ECD59800CD5187 /* UITableView+Utilities.swift in Sources */ = {isa = PBXBuildFile; fileRef = 0747A3AE28ECD59800CD5187 /* UITableView+Utilities.swift */; };
		0747A3B228ECD5A700CD5187 /* UIView+ReusableView.swift in Sources */ = {isa = PBXBuildFile; fileRef = 0747A3B028ECD5A700CD5187 /* UIView+ReusableView.swift */; };
		0747A3B328ECD5A700CD5187 /* UIView+Autolayout.swift in Sources */ = {isa = PBXBuildFile; fileRef = 0747A3B128ECD5A700CD5187 /* UIView+Autolayout.swift */; };
		0747A3B928ECD62400CD5187 /* EventTypeTableViewCell.swift in Sources */ = {isa = PBXBuildFile; fileRef = 0747A3B728ECD62400CD5187 /* EventTypeTableViewCell.swift */; };
		0747A3BD28EDCFE600CD5187 /* EventTypeRepository.swift in Sources */ = {isa = PBXBuildFile; fileRef = 0747A3BC28EDCFE600CD5187 /* EventTypeRepository.swift */; };
		0747A3BF28EDD03F00CD5187 /* EventTypeRemoteDataSource.swift in Sources */ = {isa = PBXBuildFile; fileRef = 0747A3BE28EDD03F00CD5187 /* EventTypeRemoteDataSource.swift */; };
		0747A3C128EDD25700CD5187 /* Date+Utilities.swift in Sources */ = {isa = PBXBuildFile; fileRef = 0747A3C028EDD25700CD5187 /* Date+Utilities.swift */; };
		0747A3C328EDD8EF00CD5187 /* EventType.swift in Sources */ = {isa = PBXBuildFile; fileRef = 0747A3C228EDD8EF00CD5187 /* EventType.swift */; };
		0759792128EE139900EF2DFA /* Account.swift in Sources */ = {isa = PBXBuildFile; fileRef = 0759792028EE139900EF2DFA /* Account.swift */; };
		0759792328EE13A500EF2DFA /* AccountRemoteDataSource.swift in Sources */ = {isa = PBXBuildFile; fileRef = 0759792228EE13A500EF2DFA /* AccountRemoteDataSource.swift */; };
		0759792528EE13B000EF2DFA /* AccountRepository.swift in Sources */ = {isa = PBXBuildFile; fileRef = 0759792428EE13B000EF2DFA /* AccountRepository.swift */; };
		07CC135028F60A4C00CF08F3 /* README.md in Resources */ = {isa = PBXBuildFile; fileRef = 07CC134F28F60A4C00CF08F3 /* README.md */; };
		520CB62C2919FF11006082DB /* UIView+Utilities.swift in Sources */ = {isa = PBXBuildFile; fileRef = 520CB62B2919FF11006082DB /* UIView+Utilities.swift */; };
		520CB62E2919FF3D006082DB /* UIStackView+Utilities.swift in Sources */ = {isa = PBXBuildFile; fileRef = 520CB62D2919FF3D006082DB /* UIStackView+Utilities.swift */; };
		520CB642291AF695006082DB /* CalendlyNetworkService in Frameworks */ = {isa = PBXBuildFile; productRef = 520CB641291AF695006082DB /* CalendlyNetworkService */; };
		520CB645291AFB93006082DB /* EventTypesHeaderView.swift in Sources */ = {isa = PBXBuildFile; fileRef = 520CB644291AFB93006082DB /* EventTypesHeaderView.swift */; };
		520CB649291AFD0D006082DB /* LinkButton.swift in Sources */ = {isa = PBXBuildFile; fileRef = 520CB648291AFD0D006082DB /* LinkButton.swift */; };
		520CB64B291B124F006082DB /* UIImage+Helpers.swift in Sources */ = {isa = PBXBuildFile; fileRef = 520CB64A291B124F006082DB /* UIImage+Helpers.swift */; };
		520CB64D291B1263006082DB /* String+Utilities.swift in Sources */ = {isa = PBXBuildFile; fileRef = 520CB64C291B1263006082DB /* String+Utilities.swift */; };
		520CB64F291B12EB006082DB /* UIViewController+Safari.swift in Sources */ = {isa = PBXBuildFile; fileRef = 520CB64E291B12EB006082DB /* UIViewController+Safari.swift */; };
		520CB651291B27DF006082DB /* JSONDecoder+DefaultDecoder.swift in Sources */ = {isa = PBXBuildFile; fileRef = 520CB650291B27DF006082DB /* JSONDecoder+DefaultDecoder.swift */; };
		520CB65B291B2A0C006082DB /* Pagination.swift in Sources */ = {isa = PBXBuildFile; fileRef = 520CB65A291B2A0C006082DB /* Pagination.swift */; };
		520CB676291B33D0006082DB /* XCTest+JSON.swift in Sources */ = {isa = PBXBuildFile; fileRef = 520CB675291B33D0006082DB /* XCTest+JSON.swift */; };
		520CB678291B33F4006082DB /* user.json in Resources */ = {isa = PBXBuildFile; fileRef = 520CB677291B33F4006082DB /* user.json */; };
		520CB67C291B34B9006082DB /* event_type.json in Resources */ = {isa = PBXBuildFile; fileRef = 520CB67B291B34B9006082DB /* event_type.json */; };
		520CB67E291B3711006082DB /* JSONMappingTests.swift in Sources */ = {isa = PBXBuildFile; fileRef = 520CB67D291B3711006082DB /* JSONMappingTests.swift */; };
		5294E4BD291B3DC600A7303A /* AccountRemoteDataSourceTest.swift in Sources */ = {isa = PBXBuildFile; fileRef = 5294E4BC291B3DC600A7303A /* AccountRemoteDataSourceTest.swift */; };
		5294E4BF291B3DE700A7303A /* MockNetworkService.swift in Sources */ = {isa = PBXBuildFile; fileRef = 5294E4BE291B3DE700A7303A /* MockNetworkService.swift */; };
		5294E4C2291B476000A7303A /* TestError.swift in Sources */ = {isa = PBXBuildFile; fileRef = 5294E4C1291B476000A7303A /* TestError.swift */; };
		5294E4C4291B4A1000A7303A /* Date+String.swift in Sources */ = {isa = PBXBuildFile; fileRef = 5294E4C3291B4A1000A7303A /* Date+String.swift */; };
		5294E4C6291B4A9E00A7303A /* EventTypeDataSourceTests.swift in Sources */ = {isa = PBXBuildFile; fileRef = 5294E4C5291B4A9E00A7303A /* EventTypeDataSourceTests.swift */; };
		5294E4C9291B4B6F00A7303A /* EventTypesViewModelTests.swift in Sources */ = {isa = PBXBuildFile; fileRef = 5294E4C8291B4B6F00A7303A /* EventTypesViewModelTests.swift */; };
		5294E4CD291B4C3F00A7303A /* MockEventTypeRemoteDataSource.swift in Sources */ = {isa = PBXBuildFile; fileRef = 5294E4CC291B4C3F00A7303A /* MockEventTypeRemoteDataSource.swift */; };
		5294E4CF291B4CC400A7303A /* MockEventTypes.swift in Sources */ = {isa = PBXBuildFile; fileRef = 5294E4CE291B4CC400A7303A /* MockEventTypes.swift */; };
		5294E4D4291B4E3C00A7303A /* MockEventTypeRepository.swift in Sources */ = {isa = PBXBuildFile; fileRef = 5294E4D3291B4E3C00A7303A /* MockEventTypeRepository.swift */; };
		5294E4DB291B4EEE00A7303A /* MockAccountRepository.swift in Sources */ = {isa = PBXBuildFile; fileRef = 5294E4DA291B4EEE00A7303A /* MockAccountRepository.swift */; };
		5294E4DD291B4F2400A7303A /* MockAccount.swift in Sources */ = {isa = PBXBuildFile; fileRef = 5294E4DC291B4F2400A7303A /* MockAccount.swift */; };
		5294E4E1291B5CC100A7303A /* AccountView.swift in Sources */ = {isa = PBXBuildFile; fileRef = 5294E4E0291B5CC100A7303A /* AccountView.swift */; };
		5294E4E3291B694700A7303A /* AccountViewController.swift in Sources */ = {isa = PBXBuildFile; fileRef = 5294E4E2291B694700A7303A /* AccountViewController.swift */; };
		5294E4E5291B6C3E00A7303A /* AccountViewModel.swift in Sources */ = {isa = PBXBuildFile; fileRef = 5294E4E4291B6C3E00A7303A /* AccountViewModel.swift */; };
/* End PBXBuildFile section */

/* Begin PBXContainerItemProxy section */
		520CB670291B33B5006082DB /* PBXContainerItemProxy */ = {
			isa = PBXContainerItemProxy;
			containerPortal = 0714B15B28E7E4C900E7F2BE /* Project object */;
			proxyType = 1;
			remoteGlobalIDString = 0714B16228E7E4C900E7F2BE;
			remoteInfo = takehome;
		};
/* End PBXContainerItemProxy section */

/* Begin PBXFileReference section */
		0714B16328E7E4C900E7F2BE /* takehome.app */ = {isa = PBXFileReference; explicitFileType = wrapper.application; includeInIndex = 0; path = takehome.app; sourceTree = BUILT_PRODUCTS_DIR; };
		0714B16628E7E4C900E7F2BE /* AppDelegate.swift */ = {isa = PBXFileReference; lastKnownFileType = sourcecode.swift; path = AppDelegate.swift; sourceTree = "<group>"; };
		0714B16828E7E4C900E7F2BE /* SceneDelegate.swift */ = {isa = PBXFileReference; lastKnownFileType = sourcecode.swift; path = SceneDelegate.swift; sourceTree = "<group>"; };
		0714B16D28E7E4C900E7F2BE /* Base */ = {isa = PBXFileReference; lastKnownFileType = file.storyboard; name = Base; path = Base.lproj/Main.storyboard; sourceTree = "<group>"; };
		0714B16F28E7E4CA00E7F2BE /* Assets.xcassets */ = {isa = PBXFileReference; lastKnownFileType = folder.assetcatalog; path = Assets.xcassets; sourceTree = "<group>"; };
		0714B17228E7E4CA00E7F2BE /* Base */ = {isa = PBXFileReference; lastKnownFileType = file.storyboard; name = Base; path = Base.lproj/LaunchScreen.storyboard; sourceTree = "<group>"; };
		0714B17428E7E4CA00E7F2BE /* Info.plist */ = {isa = PBXFileReference; lastKnownFileType = text.plist.xml; path = Info.plist; sourceTree = "<group>"; };
		0747A39E28ECD29700CD5187 /* EventTypesViewModel.swift */ = {isa = PBXFileReference; fileEncoding = 4; lastKnownFileType = sourcecode.swift; path = EventTypesViewModel.swift; sourceTree = "<group>"; };
		0747A3A028ECD2BB00CD5187 /* EventTypesViewController.swift */ = {isa = PBXFileReference; fileEncoding = 4; lastKnownFileType = sourcecode.swift; path = EventTypesViewController.swift; sourceTree = "<group>"; };
		0747A3AC28ECD58300CD5187 /* String+UIColor.swift */ = {isa = PBXFileReference; fileEncoding = 4; lastKnownFileType = sourcecode.swift; path = "String+UIColor.swift"; sourceTree = "<group>"; };
		0747A3AE28ECD59800CD5187 /* UITableView+Utilities.swift */ = {isa = PBXFileReference; fileEncoding = 4; lastKnownFileType = sourcecode.swift; path = "UITableView+Utilities.swift"; sourceTree = "<group>"; };
		0747A3B028ECD5A700CD5187 /* UIView+ReusableView.swift */ = {isa = PBXFileReference; fileEncoding = 4; lastKnownFileType = sourcecode.swift; path = "UIView+ReusableView.swift"; sourceTree = "<group>"; };
		0747A3B128ECD5A700CD5187 /* UIView+Autolayout.swift */ = {isa = PBXFileReference; fileEncoding = 4; lastKnownFileType = sourcecode.swift; path = "UIView+Autolayout.swift"; sourceTree = "<group>"; };
		0747A3B728ECD62400CD5187 /* EventTypeTableViewCell.swift */ = {isa = PBXFileReference; fileEncoding = 4; lastKnownFileType = sourcecode.swift; path = EventTypeTableViewCell.swift; sourceTree = "<group>"; };
		0747A3BC28EDCFE600CD5187 /* EventTypeRepository.swift */ = {isa = PBXFileReference; lastKnownFileType = sourcecode.swift; path = EventTypeRepository.swift; sourceTree = "<group>"; };
		0747A3BE28EDD03F00CD5187 /* EventTypeRemoteDataSource.swift */ = {isa = PBXFileReference; lastKnownFileType = sourcecode.swift; path = EventTypeRemoteDataSource.swift; sourceTree = "<group>"; };
		0747A3C028EDD25700CD5187 /* Date+Utilities.swift */ = {isa = PBXFileReference; lastKnownFileType = sourcecode.swift; path = "Date+Utilities.swift"; sourceTree = "<group>"; };
		0747A3C228EDD8EF00CD5187 /* EventType.swift */ = {isa = PBXFileReference; lastKnownFileType = sourcecode.swift; path = EventType.swift; sourceTree = "<group>"; };
		0759792028EE139900EF2DFA /* Account.swift */ = {isa = PBXFileReference; lastKnownFileType = sourcecode.swift; path = Account.swift; sourceTree = "<group>"; };
		0759792228EE13A500EF2DFA /* AccountRemoteDataSource.swift */ = {isa = PBXFileReference; lastKnownFileType = sourcecode.swift; path = AccountRemoteDataSource.swift; sourceTree = "<group>"; };
		0759792428EE13B000EF2DFA /* AccountRepository.swift */ = {isa = PBXFileReference; lastKnownFileType = sourcecode.swift; path = AccountRepository.swift; sourceTree = "<group>"; };
		07CC134F28F60A4C00CF08F3 /* README.md */ = {isa = PBXFileReference; fileEncoding = 4; lastKnownFileType = net.daringfireball.markdown; path = README.md; sourceTree = "<group>"; };
		520CB62B2919FF11006082DB /* UIView+Utilities.swift */ = {isa = PBXFileReference; lastKnownFileType = sourcecode.swift; path = "UIView+Utilities.swift"; sourceTree = "<group>"; };
		520CB62D2919FF3D006082DB /* UIStackView+Utilities.swift */ = {isa = PBXFileReference; lastKnownFileType = sourcecode.swift; path = "UIStackView+Utilities.swift"; sourceTree = "<group>"; };
		520CB644291AFB93006082DB /* EventTypesHeaderView.swift */ = {isa = PBXFileReference; lastKnownFileType = sourcecode.swift; path = EventTypesHeaderView.swift; sourceTree = "<group>"; };
		520CB648291AFD0D006082DB /* LinkButton.swift */ = {isa = PBXFileReference; lastKnownFileType = sourcecode.swift; path = LinkButton.swift; sourceTree = "<group>"; };
		520CB64A291B124F006082DB /* UIImage+Helpers.swift */ = {isa = PBXFileReference; lastKnownFileType = sourcecode.swift; path = "UIImage+Helpers.swift"; sourceTree = "<group>"; };
		520CB64C291B1263006082DB /* String+Utilities.swift */ = {isa = PBXFileReference; lastKnownFileType = sourcecode.swift; path = "String+Utilities.swift"; sourceTree = "<group>"; };
		520CB64E291B12EB006082DB /* UIViewController+Safari.swift */ = {isa = PBXFileReference; lastKnownFileType = sourcecode.swift; path = "UIViewController+Safari.swift"; sourceTree = "<group>"; };
		520CB650291B27DF006082DB /* JSONDecoder+DefaultDecoder.swift */ = {isa = PBXFileReference; lastKnownFileType = sourcecode.swift; path = "JSONDecoder+DefaultDecoder.swift"; sourceTree = "<group>"; };
		520CB65A291B2A0C006082DB /* Pagination.swift */ = {isa = PBXFileReference; lastKnownFileType = sourcecode.swift; path = Pagination.swift; sourceTree = "<group>"; };
		520CB66C291B33B4006082DB /* takehomeUnitTests.xctest */ = {isa = PBXFileReference; explicitFileType = wrapper.cfbundle; includeInIndex = 0; path = takehomeUnitTests.xctest; sourceTree = BUILT_PRODUCTS_DIR; };
		520CB675291B33D0006082DB /* XCTest+JSON.swift */ = {isa = PBXFileReference; lastKnownFileType = sourcecode.swift; path = "XCTest+JSON.swift"; sourceTree = "<group>"; };
		520CB677291B33F4006082DB /* user.json */ = {isa = PBXFileReference; lastKnownFileType = text.json; path = user.json; sourceTree = "<group>"; };
		520CB67B291B34B9006082DB /* event_type.json */ = {isa = PBXFileReference; lastKnownFileType = text.json; path = event_type.json; sourceTree = "<group>"; };
		520CB67D291B3711006082DB /* JSONMappingTests.swift */ = {isa = PBXFileReference; lastKnownFileType = sourcecode.swift; path = JSONMappingTests.swift; sourceTree = "<group>"; };
		5294E4BC291B3DC600A7303A /* AccountRemoteDataSourceTest.swift */ = {isa = PBXFileReference; lastKnownFileType = sourcecode.swift; path = AccountRemoteDataSourceTest.swift; sourceTree = "<group>"; };
		5294E4BE291B3DE700A7303A /* MockNetworkService.swift */ = {isa = PBXFileReference; lastKnownFileType = sourcecode.swift; path = MockNetworkService.swift; sourceTree = "<group>"; };
		5294E4C1291B476000A7303A /* TestError.swift */ = {isa = PBXFileReference; lastKnownFileType = sourcecode.swift; path = TestError.swift; sourceTree = "<group>"; };
		5294E4C3291B4A1000A7303A /* Date+String.swift */ = {isa = PBXFileReference; lastKnownFileType = sourcecode.swift; path = "Date+String.swift"; sourceTree = "<group>"; };
		5294E4C5291B4A9E00A7303A /* EventTypeDataSourceTests.swift */ = {isa = PBXFileReference; lastKnownFileType = sourcecode.swift; path = EventTypeDataSourceTests.swift; sourceTree = "<group>"; };
		5294E4C8291B4B6F00A7303A /* EventTypesViewModelTests.swift */ = {isa = PBXFileReference; lastKnownFileType = sourcecode.swift; path = EventTypesViewModelTests.swift; sourceTree = "<group>"; };
		5294E4CC291B4C3F00A7303A /* MockEventTypeRemoteDataSource.swift */ = {isa = PBXFileReference; lastKnownFileType = sourcecode.swift; name = MockEventTypeRemoteDataSource.swift; path = "takehomeUnitTests/Data/Event Types/Mock Objects/MockEventTypeRemoteDataSource.swift"; sourceTree = SOURCE_ROOT; };
		5294E4CE291B4CC400A7303A /* MockEventTypes.swift */ = {isa = PBXFileReference; lastKnownFileType = sourcecode.swift; name = MockEventTypes.swift; path = "takehomeUnitTests/Data/Event Types/Mock Objects/MockEventTypes.swift"; sourceTree = SOURCE_ROOT; };
		5294E4D3291B4E3C00A7303A /* MockEventTypeRepository.swift */ = {isa = PBXFileReference; lastKnownFileType = sourcecode.swift; path = MockEventTypeRepository.swift; sourceTree = "<group>"; };
		5294E4DA291B4EEE00A7303A /* MockAccountRepository.swift */ = {isa = PBXFileReference; lastKnownFileType = sourcecode.swift; path = MockAccountRepository.swift; sourceTree = "<group>"; };
		5294E4DC291B4F2400A7303A /* MockAccount.swift */ = {isa = PBXFileReference; lastKnownFileType = sourcecode.swift; path = MockAccount.swift; sourceTree = "<group>"; };
		5294E4E0291B5CC100A7303A /* AccountView.swift */ = {isa = PBXFileReference; lastKnownFileType = sourcecode.swift; path = AccountView.swift; sourceTree = "<group>"; };
		5294E4E2291B694700A7303A /* AccountViewController.swift */ = {isa = PBXFileReference; lastKnownFileType = sourcecode.swift; path = AccountViewController.swift; sourceTree = "<group>"; };
		5294E4E4291B6C3E00A7303A /* AccountViewModel.swift */ = {isa = PBXFileReference; lastKnownFileType = sourcecode.swift; path = AccountViewModel.swift; sourceTree = "<group>"; };
/* End PBXFileReference section */

/* Begin PBXFrameworksBuildPhase section */
		0714B16028E7E4C900E7F2BE /* Frameworks */ = {
			isa = PBXFrameworksBuildPhase;
			buildActionMask = 2147483647;
			files = (
				520CB642291AF695006082DB /* CalendlyNetworkService in Frameworks */,
			);
			runOnlyForDeploymentPostprocessing = 0;
		};
		520CB669291B33B4006082DB /* Frameworks */ = {
			isa = PBXFrameworksBuildPhase;
			buildActionMask = 2147483647;
			files = (
			);
			runOnlyForDeploymentPostprocessing = 0;
		};
/* End PBXFrameworksBuildPhase section */

/* Begin PBXGroup section */
		0714B15A28E7E4C900E7F2BE = {
			isa = PBXGroup;
			children = (
				07CC134F28F60A4C00CF08F3 /* README.md */,
				0714B16528E7E4C900E7F2BE /* takehome */,
				520CB66D291B33B5006082DB /* takehomeUnitTests */,
				0714B16428E7E4C900E7F2BE /* Products */,
			);
			sourceTree = "<group>";
		};
		0714B16428E7E4C900E7F2BE /* Products */ = {
			isa = PBXGroup;
			children = (
				0714B16328E7E4C900E7F2BE /* takehome.app */,
				520CB66C291B33B4006082DB /* takehomeUnitTests.xctest */,
			);
			name = Products;
			sourceTree = "<group>";
		};
		0714B16528E7E4C900E7F2BE /* takehome */ = {
			isa = PBXGroup;
			children = (
				5294E4DE291B5CAB00A7303A /* Modules */,
				520CB646291AFCF8006082DB /* Custom Views */,
				0747A3BB28EDCF4900CD5187 /* Data */,
				0747A3AB28ECD56C00CD5187 /* Extensions */,
				0714B16628E7E4C900E7F2BE /* AppDelegate.swift */,
				0714B16828E7E4C900E7F2BE /* SceneDelegate.swift */,
				0714B16C28E7E4C900E7F2BE /* Main.storyboard */,
				0714B16F28E7E4CA00E7F2BE /* Assets.xcassets */,
				0714B17128E7E4CA00E7F2BE /* LaunchScreen.storyboard */,
				0714B17428E7E4CA00E7F2BE /* Info.plist */,
			);
			path = takehome;
			sourceTree = "<group>";
		};
		0747A39D28ECD25400CD5187 /* Event Types */ = {
			isa = PBXGroup;
			children = (
				520CB643291AFB7A006082DB /* Views */,
				0747A3A028ECD2BB00CD5187 /* EventTypesViewController.swift */,
				0747A39E28ECD29700CD5187 /* EventTypesViewModel.swift */,
			);
			path = "Event Types";
			sourceTree = "<group>";
		};
		0747A3AB28ECD56C00CD5187 /* Extensions */ = {
			isa = PBXGroup;
			children = (
				0747A3B128ECD5A700CD5187 /* UIView+Autolayout.swift */,
				0747A3B028ECD5A700CD5187 /* UIView+ReusableView.swift */,
				0747A3AE28ECD59800CD5187 /* UITableView+Utilities.swift */,
				0747A3AC28ECD58300CD5187 /* String+UIColor.swift */,
				0747A3C028EDD25700CD5187 /* Date+Utilities.swift */,
				520CB62B2919FF11006082DB /* UIView+Utilities.swift */,
				520CB62D2919FF3D006082DB /* UIStackView+Utilities.swift */,
				520CB64A291B124F006082DB /* UIImage+Helpers.swift */,
				520CB64C291B1263006082DB /* String+Utilities.swift */,
				520CB64E291B12EB006082DB /* UIViewController+Safari.swift */,
				520CB650291B27DF006082DB /* JSONDecoder+DefaultDecoder.swift */,
			);
			path = Extensions;
			sourceTree = "<group>";
		};
		0747A3B628ECD60100CD5187 /* EventTypeTableViewCell */ = {
			isa = PBXGroup;
			children = (
				0747A3B728ECD62400CD5187 /* EventTypeTableViewCell.swift */,
			);
			path = EventTypeTableViewCell;
			sourceTree = "<group>";
		};
		0747A3BB28EDCF4900CD5187 /* Data */ = {
			isa = PBXGroup;
			children = (
				520CB659291B29EF006082DB /* Shared Data Models */,
				0759791F28EE138C00EF2DFA /* Account */,
				0759791E28EE138400EF2DFA /* Event Type */,
			);
			path = Data;
			sourceTree = "<group>";
		};
		0759791E28EE138400EF2DFA /* Event Type */ = {
			isa = PBXGroup;
			children = (
				0747A3BC28EDCFE600CD5187 /* EventTypeRepository.swift */,
				0747A3BE28EDD03F00CD5187 /* EventTypeRemoteDataSource.swift */,
				0747A3C228EDD8EF00CD5187 /* EventType.swift */,
			);
			path = "Event Type";
			sourceTree = "<group>";
		};
		0759791F28EE138C00EF2DFA /* Account */ = {
			isa = PBXGroup;
			children = (
				0759792428EE13B000EF2DFA /* AccountRepository.swift */,
				0759792228EE13A500EF2DFA /* AccountRemoteDataSource.swift */,
				0759792028EE139900EF2DFA /* Account.swift */,
			);
			path = Account;
			sourceTree = "<group>";
		};
		520CB643291AFB7A006082DB /* Views */ = {
			isa = PBXGroup;
			children = (
				0747A3B628ECD60100CD5187 /* EventTypeTableViewCell */,
				520CB644291AFB93006082DB /* EventTypesHeaderView.swift */,
			);
			path = Views;
			sourceTree = "<group>";
		};
		520CB646291AFCF8006082DB /* Custom Views */ = {
			isa = PBXGroup;
			children = (
				520CB647291AFCFE006082DB /* Buttons */,
			);
			path = "Custom Views";
			sourceTree = "<group>";
		};
		520CB647291AFCFE006082DB /* Buttons */ = {
			isa = PBXGroup;
			children = (
				520CB648291AFD0D006082DB /* LinkButton.swift */,
			);
			path = Buttons;
			sourceTree = "<group>";
		};
		520CB659291B29EF006082DB /* Shared Data Models */ = {
			isa = PBXGroup;
			children = (
				520CB65A291B2A0C006082DB /* Pagination.swift */,
			);
			path = "Shared Data Models";
			sourceTree = "<group>";
		};
		520CB66D291B33B5006082DB /* takehomeUnitTests */ = {
			isa = PBXGroup;
			children = (
				5294E4C7291B4B5000A7303A /* Modules */,
				5294E4C0291B475500A7303A /* Utilities */,
				5294E4BB291B3DA400A7303A /* CoreTests */,
				5294E4BA291B3D9400A7303A /* Data */,
				520CB67A291B34A6006082DB /* TestData */,
				520CB679291B3480006082DB /* Extensions */,
			);
			path = takehomeUnitTests;
			sourceTree = "<group>";
		};
		520CB679291B3480006082DB /* Extensions */ = {
			isa = PBXGroup;
			children = (
				520CB675291B33D0006082DB /* XCTest+JSON.swift */,
				5294E4C3291B4A1000A7303A /* Date+String.swift */,
			);
			path = Extensions;
			sourceTree = "<group>";
		};
		520CB67A291B34A6006082DB /* TestData */ = {
			isa = PBXGroup;
			children = (
				520CB677291B33F4006082DB /* user.json */,
				520CB67B291B34B9006082DB /* event_type.json */,
			);
			path = TestData;
			sourceTree = "<group>";
		};
		5294E4BA291B3D9400A7303A /* Data */ = {
			isa = PBXGroup;
			children = (
				5294E4CB291B4BCD00A7303A /* Event Types */,
				5294E4CA291B4BBF00A7303A /* Account */,
				5294E4BE291B3DE700A7303A /* MockNetworkService.swift */,
			);
			path = Data;
			sourceTree = "<group>";
		};
		5294E4BB291B3DA400A7303A /* CoreTests */ = {
			isa = PBXGroup;
			children = (
				520CB67D291B3711006082DB /* JSONMappingTests.swift */,
			);
			path = CoreTests;
			sourceTree = "<group>";
		};
		5294E4C0291B475500A7303A /* Utilities */ = {
			isa = PBXGroup;
			children = (
				5294E4C1291B476000A7303A /* TestError.swift */,
			);
			path = Utilities;
			sourceTree = "<group>";
		};
		5294E4C7291B4B5000A7303A /* Modules */ = {
			isa = PBXGroup;
			children = (
				5294E4D5291B4E6900A7303A /* EventTypes */,
			);
			path = Modules;
			sourceTree = "<group>";
		};
		5294E4CA291B4BBF00A7303A /* Account */ = {
			isa = PBXGroup;
			children = (
				5294E4D9291B4EE000A7303A /* MockObjects */,
				5294E4BC291B3DC600A7303A /* AccountRemoteDataSourceTest.swift */,
			);
			path = Account;
			sourceTree = "<group>";
		};
		5294E4CB291B4BCD00A7303A /* Event Types */ = {
			isa = PBXGroup;
			children = (
				5294E4D0291B4DBC00A7303A /* Mock Objects */,
				5294E4C5291B4A9E00A7303A /* EventTypeDataSourceTests.swift */,
			);
			path = "Event Types";
			sourceTree = "<group>";
		};
		5294E4D0291B4DBC00A7303A /* Mock Objects */ = {
			isa = PBXGroup;
			children = (
				5294E4CC291B4C3F00A7303A /* MockEventTypeRemoteDataSource.swift */,
				5294E4CE291B4CC400A7303A /* MockEventTypes.swift */,
				5294E4D3291B4E3C00A7303A /* MockEventTypeRepository.swift */,
			);
			path = "Mock Objects";
			sourceTree = "<group>";
		};
		5294E4D5291B4E6900A7303A /* EventTypes */ = {
			isa = PBXGroup;
			children = (
				5294E4D6291B4E7300A7303A /* MockObjects */,
				5294E4C8291B4B6F00A7303A /* EventTypesViewModelTests.swift */,
			);
			path = EventTypes;
			sourceTree = "<group>";
		};
		5294E4D6291B4E7300A7303A /* MockObjects */ = {
			isa = PBXGroup;
			children = (
			);
			path = MockObjects;
			sourceTree = "<group>";
		};
		5294E4D9291B4EE000A7303A /* MockObjects */ = {
			isa = PBXGroup;
			children = (
				5294E4DA291B4EEE00A7303A /* MockAccountRepository.swift */,
				5294E4DC291B4F2400A7303A /* MockAccount.swift */,
			);
			path = MockObjects;
			sourceTree = "<group>";
		};
		5294E4DE291B5CAB00A7303A /* Modules */ = {
			isa = PBXGroup;
			children = (
				5294E4DF291B5CB300A7303A /* Account */,
				0747A39D28ECD25400CD5187 /* Event Types */,
			);
			path = Modules;
			sourceTree = "<group>";
		};
		5294E4DF291B5CB300A7303A /* Account */ = {
			isa = PBXGroup;
			children = (
				5294E4E0291B5CC100A7303A /* AccountView.swift */,
				5294E4E2291B694700A7303A /* AccountViewController.swift */,
				5294E4E4291B6C3E00A7303A /* AccountViewModel.swift */,
			);
			path = Account;
			sourceTree = "<group>";
		};
/* End PBXGroup section */

/* Begin PBXNativeTarget section */
		0714B16228E7E4C900E7F2BE /* takehome */ = {
			isa = PBXNativeTarget;
			buildConfigurationList = 0714B18D28E7E4CA00E7F2BE /* Build configuration list for PBXNativeTarget "takehome" */;
			buildPhases = (
				0714B15F28E7E4C900E7F2BE /* Sources */,
				0714B16028E7E4C900E7F2BE /* Frameworks */,
				0714B16128E7E4C900E7F2BE /* Resources */,
			);
			buildRules = (
			);
			dependencies = (
			);
			name = takehome;
			packageProductDependencies = (
				520CB641291AF695006082DB /* CalendlyNetworkService */,
			);
			productName = takehome;
			productReference = 0714B16328E7E4C900E7F2BE /* takehome.app */;
			productType = "com.apple.product-type.application";
		};
		520CB66B291B33B4006082DB /* takehomeUnitTests */ = {
			isa = PBXNativeTarget;
			buildConfigurationList = 520CB672291B33B5006082DB /* Build configuration list for PBXNativeTarget "takehomeUnitTests" */;
			buildPhases = (
				520CB668291B33B4006082DB /* Sources */,
				520CB669291B33B4006082DB /* Frameworks */,
				520CB66A291B33B4006082DB /* Resources */,
			);
			buildRules = (
			);
			dependencies = (
				520CB671291B33B5006082DB /* PBXTargetDependency */,
			);
			name = takehomeUnitTests;
			productName = takehomeUnitTests;
			productReference = 520CB66C291B33B4006082DB /* takehomeUnitTests.xctest */;
			productType = "com.apple.product-type.bundle.unit-test";
		};
/* End PBXNativeTarget section */

/* Begin PBXProject section */
		0714B15B28E7E4C900E7F2BE /* Project object */ = {
			isa = PBXProject;
			attributes = {
				BuildIndependentTargetsInParallel = 1;
				LastSwiftUpdateCheck = 1410;
				LastUpgradeCheck = 1400;
				TargetAttributes = {
					0714B16228E7E4C900E7F2BE = {
						CreatedOnToolsVersion = 14.0;
					};
					520CB66B291B33B4006082DB = {
						CreatedOnToolsVersion = 14.1;
						TestTargetID = 0714B16228E7E4C900E7F2BE;
					};
				};
			};
			buildConfigurationList = 0714B15E28E7E4C900E7F2BE /* Build configuration list for PBXProject "takehome" */;
			compatibilityVersion = "Xcode 14.0";
			developmentRegion = en;
			hasScannedForEncodings = 0;
			knownRegions = (
				en,
				Base,
			);
			mainGroup = 0714B15A28E7E4C900E7F2BE;
			packageReferences = (
				520CB640291AF695006082DB /* XCRemoteSwiftPackageReference "CalendlyNetworkManager" */,
			);
			productRefGroup = 0714B16428E7E4C900E7F2BE /* Products */;
			projectDirPath = "";
			projectRoot = "";
			targets = (
				0714B16228E7E4C900E7F2BE /* takehome */,
				520CB66B291B33B4006082DB /* takehomeUnitTests */,
			);
		};
/* End PBXProject section */

/* Begin PBXResourcesBuildPhase section */
		0714B16128E7E4C900E7F2BE /* Resources */ = {
			isa = PBXResourcesBuildPhase;
			buildActionMask = 2147483647;
			files = (
				0747A39C28ECCDE100CD5187 /* Main.storyboard in Resources */,
				0714B17328E7E4CA00E7F2BE /* LaunchScreen.storyboard in Resources */,
				07CC135028F60A4C00CF08F3 /* README.md in Resources */,
				0714B17028E7E4CA00E7F2BE /* Assets.xcassets in Resources */,
			);
			runOnlyForDeploymentPostprocessing = 0;
		};
		520CB66A291B33B4006082DB /* Resources */ = {
			isa = PBXResourcesBuildPhase;
			buildActionMask = 2147483647;
			files = (
				520CB67C291B34B9006082DB /* event_type.json in Resources */,
				520CB678291B33F4006082DB /* user.json in Resources */,
			);
			runOnlyForDeploymentPostprocessing = 0;
		};
/* End PBXResourcesBuildPhase section */

/* Begin PBXSourcesBuildPhase section */
		0714B15F28E7E4C900E7F2BE /* Sources */ = {
			isa = PBXSourcesBuildPhase;
			buildActionMask = 2147483647;
			files = (
				0747A3C328EDD8EF00CD5187 /* EventType.swift in Sources */,
				5294E4E3291B694700A7303A /* AccountViewController.swift in Sources */,
				0747A3B328ECD5A700CD5187 /* UIView+Autolayout.swift in Sources */,
				520CB649291AFD0D006082DB /* LinkButton.swift in Sources */,
				0747A39F28ECD29700CD5187 /* EventTypesViewModel.swift in Sources */,
				0747A3BD28EDCFE600CD5187 /* EventTypeRepository.swift in Sources */,
				5294E4E1291B5CC100A7303A /* AccountView.swift in Sources */,
				520CB64F291B12EB006082DB /* UIViewController+Safari.swift in Sources */,
				0759792128EE139900EF2DFA /* Account.swift in Sources */,
				0747A3A128ECD2BB00CD5187 /* EventTypesViewController.swift in Sources */,
				0747A3BF28EDD03F00CD5187 /* EventTypeRemoteDataSource.swift in Sources */,
				520CB645291AFB93006082DB /* EventTypesHeaderView.swift in Sources */,
				0747A3C128EDD25700CD5187 /* Date+Utilities.swift in Sources */,
				0747A3B928ECD62400CD5187 /* EventTypeTableViewCell.swift in Sources */,
				520CB62E2919FF3D006082DB /* UIStackView+Utilities.swift in Sources */,
				0714B16728E7E4C900E7F2BE /* AppDelegate.swift in Sources */,
				0747A3AD28ECD58300CD5187 /* String+UIColor.swift in Sources */,
				520CB62C2919FF11006082DB /* UIView+Utilities.swift in Sources */,
				0759792328EE13A500EF2DFA /* AccountRemoteDataSource.swift in Sources */,
				520CB64B291B124F006082DB /* UIImage+Helpers.swift in Sources */,
				520CB651291B27DF006082DB /* JSONDecoder+DefaultDecoder.swift in Sources */,
				5294E4E5291B6C3E00A7303A /* AccountViewModel.swift in Sources */,
				0714B16928E7E4C900E7F2BE /* SceneDelegate.swift in Sources */,
				0747A3B228ECD5A700CD5187 /* UIView+ReusableView.swift in Sources */,
				520CB64D291B1263006082DB /* String+Utilities.swift in Sources */,
				0747A3AF28ECD59800CD5187 /* UITableView+Utilities.swift in Sources */,
				0759792528EE13B000EF2DFA /* AccountRepository.swift in Sources */,
				520CB65B291B2A0C006082DB /* Pagination.swift in Sources */,
			);
			runOnlyForDeploymentPostprocessing = 0;
		};
		520CB668291B33B4006082DB /* Sources */ = {
			isa = PBXSourcesBuildPhase;
			buildActionMask = 2147483647;
			files = (
				5294E4C4291B4A1000A7303A /* Date+String.swift in Sources */,
				5294E4DD291B4F2400A7303A /* MockAccount.swift in Sources */,
				5294E4CF291B4CC400A7303A /* MockEventTypes.swift in Sources */,
				5294E4D4291B4E3C00A7303A /* MockEventTypeRepository.swift in Sources */,
				5294E4C2291B476000A7303A /* TestError.swift in Sources */,
				5294E4BD291B3DC600A7303A /* AccountRemoteDataSourceTest.swift in Sources */,
				5294E4C6291B4A9E00A7303A /* EventTypeDataSourceTests.swift in Sources */,
				520CB67E291B3711006082DB /* JSONMappingTests.swift in Sources */,
				5294E4BF291B3DE700A7303A /* MockNetworkService.swift in Sources */,
				520CB676291B33D0006082DB /* XCTest+JSON.swift in Sources */,
				5294E4CD291B4C3F00A7303A /* MockEventTypeRemoteDataSource.swift in Sources */,
				5294E4C9291B4B6F00A7303A /* EventTypesViewModelTests.swift in Sources */,
				5294E4DB291B4EEE00A7303A /* MockAccountRepository.swift in Sources */,
			);
			runOnlyForDeploymentPostprocessing = 0;
		};
/* End PBXSourcesBuildPhase section */

/* Begin PBXTargetDependency section */
		520CB671291B33B5006082DB /* PBXTargetDependency */ = {
			isa = PBXTargetDependency;
			target = 0714B16228E7E4C900E7F2BE /* takehome */;
			targetProxy = 520CB670291B33B5006082DB /* PBXContainerItemProxy */;
		};
/* End PBXTargetDependency section */

/* Begin PBXVariantGroup section */
		0714B16C28E7E4C900E7F2BE /* Main.storyboard */ = {
			isa = PBXVariantGroup;
			children = (
				0714B16D28E7E4C900E7F2BE /* Base */,
			);
			name = Main.storyboard;
			sourceTree = "<group>";
		};
		0714B17128E7E4CA00E7F2BE /* LaunchScreen.storyboard */ = {
			isa = PBXVariantGroup;
			children = (
				0714B17228E7E4CA00E7F2BE /* Base */,
			);
			name = LaunchScreen.storyboard;
			sourceTree = "<group>";
		};
/* End PBXVariantGroup section */

/* Begin XCBuildConfiguration section */
		0714B18B28E7E4CA00E7F2BE /* Debug */ = {
			isa = XCBuildConfiguration;
			buildSettings = {
				ALWAYS_SEARCH_USER_PATHS = NO;
				CLANG_ANALYZER_NONNULL = YES;
				CLANG_ANALYZER_NUMBER_OBJECT_CONVERSION = YES_AGGRESSIVE;
				CLANG_CXX_LANGUAGE_STANDARD = "gnu++20";
				CLANG_ENABLE_MODULES = YES;
				CLANG_ENABLE_OBJC_ARC = YES;
				CLANG_ENABLE_OBJC_WEAK = YES;
				CLANG_WARN_BLOCK_CAPTURE_AUTORELEASING = YES;
				CLANG_WARN_BOOL_CONVERSION = YES;
				CLANG_WARN_COMMA = YES;
				CLANG_WARN_CONSTANT_CONVERSION = YES;
				CLANG_WARN_DEPRECATED_OBJC_IMPLEMENTATIONS = YES;
				CLANG_WARN_DIRECT_OBJC_ISA_USAGE = YES_ERROR;
				CLANG_WARN_DOCUMENTATION_COMMENTS = YES;
				CLANG_WARN_EMPTY_BODY = YES;
				CLANG_WARN_ENUM_CONVERSION = YES;
				CLANG_WARN_INFINITE_RECURSION = YES;
				CLANG_WARN_INT_CONVERSION = YES;
				CLANG_WARN_NON_LITERAL_NULL_CONVERSION = YES;
				CLANG_WARN_OBJC_IMPLICIT_RETAIN_SELF = YES;
				CLANG_WARN_OBJC_LITERAL_CONVERSION = YES;
				CLANG_WARN_OBJC_ROOT_CLASS = YES_ERROR;
				CLANG_WARN_QUOTED_INCLUDE_IN_FRAMEWORK_HEADER = YES;
				CLANG_WARN_RANGE_LOOP_ANALYSIS = YES;
				CLANG_WARN_STRICT_PROTOTYPES = YES;
				CLANG_WARN_SUSPICIOUS_MOVE = YES;
				CLANG_WARN_UNGUARDED_AVAILABILITY = YES_AGGRESSIVE;
				CLANG_WARN_UNREACHABLE_CODE = YES;
				CLANG_WARN__DUPLICATE_METHOD_MATCH = YES;
				COPY_PHASE_STRIP = NO;
				DEBUG_INFORMATION_FORMAT = dwarf;
				ENABLE_STRICT_OBJC_MSGSEND = YES;
				ENABLE_TESTABILITY = YES;
				GCC_C_LANGUAGE_STANDARD = gnu11;
				GCC_DYNAMIC_NO_PIC = NO;
				GCC_NO_COMMON_BLOCKS = YES;
				GCC_OPTIMIZATION_LEVEL = 0;
				GCC_PREPROCESSOR_DEFINITIONS = (
					"DEBUG=1",
					"$(inherited)",
				);
				GCC_WARN_64_TO_32_BIT_CONVERSION = YES;
				GCC_WARN_ABOUT_RETURN_TYPE = YES_ERROR;
				GCC_WARN_UNDECLARED_SELECTOR = YES;
				GCC_WARN_UNINITIALIZED_AUTOS = YES_AGGRESSIVE;
				GCC_WARN_UNUSED_FUNCTION = YES;
				GCC_WARN_UNUSED_VARIABLE = YES;
				IPHONEOS_DEPLOYMENT_TARGET = 14.0;
				MTL_ENABLE_DEBUG_INFO = INCLUDE_SOURCE;
				MTL_FAST_MATH = YES;
				ONLY_ACTIVE_ARCH = YES;
				SDKROOT = iphoneos;
				SWIFT_ACTIVE_COMPILATION_CONDITIONS = DEBUG;
				SWIFT_OPTIMIZATION_LEVEL = "-Onone";
			};
			name = Debug;
		};
		0714B18C28E7E4CA00E7F2BE /* Release */ = {
			isa = XCBuildConfiguration;
			buildSettings = {
				ALWAYS_SEARCH_USER_PATHS = NO;
				CLANG_ANALYZER_NONNULL = YES;
				CLANG_ANALYZER_NUMBER_OBJECT_CONVERSION = YES_AGGRESSIVE;
				CLANG_CXX_LANGUAGE_STANDARD = "gnu++20";
				CLANG_ENABLE_MODULES = YES;
				CLANG_ENABLE_OBJC_ARC = YES;
				CLANG_ENABLE_OBJC_WEAK = YES;
				CLANG_WARN_BLOCK_CAPTURE_AUTORELEASING = YES;
				CLANG_WARN_BOOL_CONVERSION = YES;
				CLANG_WARN_COMMA = YES;
				CLANG_WARN_CONSTANT_CONVERSION = YES;
				CLANG_WARN_DEPRECATED_OBJC_IMPLEMENTATIONS = YES;
				CLANG_WARN_DIRECT_OBJC_ISA_USAGE = YES_ERROR;
				CLANG_WARN_DOCUMENTATION_COMMENTS = YES;
				CLANG_WARN_EMPTY_BODY = YES;
				CLANG_WARN_ENUM_CONVERSION = YES;
				CLANG_WARN_INFINITE_RECURSION = YES;
				CLANG_WARN_INT_CONVERSION = YES;
				CLANG_WARN_NON_LITERAL_NULL_CONVERSION = YES;
				CLANG_WARN_OBJC_IMPLICIT_RETAIN_SELF = YES;
				CLANG_WARN_OBJC_LITERAL_CONVERSION = YES;
				CLANG_WARN_OBJC_ROOT_CLASS = YES_ERROR;
				CLANG_WARN_QUOTED_INCLUDE_IN_FRAMEWORK_HEADER = YES;
				CLANG_WARN_RANGE_LOOP_ANALYSIS = YES;
				CLANG_WARN_STRICT_PROTOTYPES = YES;
				CLANG_WARN_SUSPICIOUS_MOVE = YES;
				CLANG_WARN_UNGUARDED_AVAILABILITY = YES_AGGRESSIVE;
				CLANG_WARN_UNREACHABLE_CODE = YES;
				CLANG_WARN__DUPLICATE_METHOD_MATCH = YES;
				COPY_PHASE_STRIP = NO;
				DEBUG_INFORMATION_FORMAT = "dwarf-with-dsym";
				ENABLE_NS_ASSERTIONS = NO;
				ENABLE_STRICT_OBJC_MSGSEND = YES;
				GCC_C_LANGUAGE_STANDARD = gnu11;
				GCC_NO_COMMON_BLOCKS = YES;
				GCC_WARN_64_TO_32_BIT_CONVERSION = YES;
				GCC_WARN_ABOUT_RETURN_TYPE = YES_ERROR;
				GCC_WARN_UNDECLARED_SELECTOR = YES;
				GCC_WARN_UNINITIALIZED_AUTOS = YES_AGGRESSIVE;
				GCC_WARN_UNUSED_FUNCTION = YES;
				GCC_WARN_UNUSED_VARIABLE = YES;
				IPHONEOS_DEPLOYMENT_TARGET = 14.0;
				MTL_ENABLE_DEBUG_INFO = NO;
				MTL_FAST_MATH = YES;
				SDKROOT = iphoneos;
				SWIFT_COMPILATION_MODE = wholemodule;
				SWIFT_OPTIMIZATION_LEVEL = "-O";
				VALIDATE_PRODUCT = YES;
			};
			name = Release;
		};
		0714B18E28E7E4CA00E7F2BE /* Debug */ = {
			isa = XCBuildConfiguration;
			buildSettings = {
				ASSETCATALOG_COMPILER_APPICON_NAME = AppIcon;
				ASSETCATALOG_COMPILER_GLOBAL_ACCENT_COLOR_NAME = AccentColor;
				CODE_SIGN_STYLE = Automatic;
				CURRENT_PROJECT_VERSION = 1;
				DEVELOPMENT_TEAM = NL4GU78Y25;
				GENERATE_INFOPLIST_FILE = YES;
				INFOPLIST_FILE = takehome/Info.plist;
				INFOPLIST_KEY_UIApplicationSupportsIndirectInputEvents = YES;
				INFOPLIST_KEY_UILaunchStoryboardName = LaunchScreen;
				INFOPLIST_KEY_UIMainStoryboardFile = Main;
				INFOPLIST_KEY_UISupportedInterfaceOrientations = UIInterfaceOrientationPortrait;
				INFOPLIST_KEY_UISupportedInterfaceOrientations_iPad = "UIInterfaceOrientationLandscapeLeft UIInterfaceOrientationLandscapeRight UIInterfaceOrientationPortrait UIInterfaceOrientationPortraitUpsideDown";
				IPHONEOS_DEPLOYMENT_TARGET = 14.0;
				LD_RUNPATH_SEARCH_PATHS = (
					"$(inherited)",
					"@executable_path/Frameworks",
				);
				MARKETING_VERSION = 1.0;
				PRODUCT_BUNDLE_IDENTIFIER = com.decodealex.calendly.takehome;
				PRODUCT_NAME = "$(TARGET_NAME)";
				SUPPORTED_PLATFORMS = "iphoneos iphonesimulator";
				SUPPORTS_MACCATALYST = NO;
				SUPPORTS_MAC_DESIGNED_FOR_IPHONE_IPAD = NO;
				SWIFT_EMIT_LOC_STRINGS = YES;
				SWIFT_VERSION = 5.0;
				TARGETED_DEVICE_FAMILY = 1;
			};
			name = Debug;
		};
		0714B18F28E7E4CA00E7F2BE /* Release */ = {
			isa = XCBuildConfiguration;
			buildSettings = {
				ASSETCATALOG_COMPILER_APPICON_NAME = AppIcon;
				ASSETCATALOG_COMPILER_GLOBAL_ACCENT_COLOR_NAME = AccentColor;
				CODE_SIGN_STYLE = Automatic;
				CURRENT_PROJECT_VERSION = 1;
				DEVELOPMENT_TEAM = NL4GU78Y25;
				GENERATE_INFOPLIST_FILE = YES;
				INFOPLIST_FILE = takehome/Info.plist;
				INFOPLIST_KEY_UIApplicationSupportsIndirectInputEvents = YES;
				INFOPLIST_KEY_UILaunchStoryboardName = LaunchScreen;
				INFOPLIST_KEY_UIMainStoryboardFile = Main;
				INFOPLIST_KEY_UISupportedInterfaceOrientations = UIInterfaceOrientationPortrait;
				INFOPLIST_KEY_UISupportedInterfaceOrientations_iPad = "UIInterfaceOrientationLandscapeLeft UIInterfaceOrientationLandscapeRight UIInterfaceOrientationPortrait UIInterfaceOrientationPortraitUpsideDown";
				IPHONEOS_DEPLOYMENT_TARGET = 14.0;
				LD_RUNPATH_SEARCH_PATHS = (
					"$(inherited)",
					"@executable_path/Frameworks",
				);
				MARKETING_VERSION = 1.0;
				PRODUCT_BUNDLE_IDENTIFIER = com.decodealex.calendly.takehome;
				PRODUCT_NAME = "$(TARGET_NAME)";
				SUPPORTED_PLATFORMS = "iphoneos iphonesimulator";
				SUPPORTS_MACCATALYST = NO;
				SUPPORTS_MAC_DESIGNED_FOR_IPHONE_IPAD = NO;
				SWIFT_EMIT_LOC_STRINGS = YES;
				SWIFT_VERSION = 5.0;
				TARGETED_DEVICE_FAMILY = 1;
			};
			name = Release;
		};
		520CB673291B33B5006082DB /* Debug */ = {
			isa = XCBuildConfiguration;
			buildSettings = {
				BUNDLE_LOADER = "$(TEST_HOST)";
				CODE_SIGN_STYLE = Automatic;
				CURRENT_PROJECT_VERSION = 1;
				DEVELOPMENT_TEAM = NL4GU78Y25;
				GENERATE_INFOPLIST_FILE = YES;
				IPHONEOS_DEPLOYMENT_TARGET = 16.1;
				MARKETING_VERSION = 1.0;
				PRODUCT_BUNDLE_IDENTIFIER = com.decodealex.calendly.takehomeUnitTests;
				PRODUCT_NAME = "$(TARGET_NAME)";
				SWIFT_EMIT_LOC_STRINGS = NO;
				SWIFT_VERSION = 5.0;
				TARGETED_DEVICE_FAMILY = "1,2";
				TEST_HOST = "$(BUILT_PRODUCTS_DIR)/takehome.app/$(BUNDLE_EXECUTABLE_FOLDER_PATH)/takehome";
			};
			name = Debug;
		};
		520CB674291B33B5006082DB /* Release */ = {
			isa = XCBuildConfiguration;
			buildSettings = {
				BUNDLE_LOADER = "$(TEST_HOST)";
				CODE_SIGN_STYLE = Automatic;
				CURRENT_PROJECT_VERSION = 1;
				DEVELOPMENT_TEAM = NL4GU78Y25;
				GENERATE_INFOPLIST_FILE = YES;
				IPHONEOS_DEPLOYMENT_TARGET = 16.1;
				MARKETING_VERSION = 1.0;
				PRODUCT_BUNDLE_IDENTIFIER = com.decodealex.calendly.takehomeUnitTests;
				PRODUCT_NAME = "$(TARGET_NAME)";
				SWIFT_EMIT_LOC_STRINGS = NO;
				SWIFT_VERSION = 5.0;
				TARGETED_DEVICE_FAMILY = "1,2";
				TEST_HOST = "$(BUILT_PRODUCTS_DIR)/takehome.app/$(BUNDLE_EXECUTABLE_FOLDER_PATH)/takehome";
			};
			name = Release;
		};
/* End XCBuildConfiguration section */

/* Begin XCConfigurationList section */
		0714B15E28E7E4C900E7F2BE /* Build configuration list for PBXProject "takehome" */ = {
			isa = XCConfigurationList;
			buildConfigurations = (
				0714B18B28E7E4CA00E7F2BE /* Debug */,
				0714B18C28E7E4CA00E7F2BE /* Release */,
			);
			defaultConfigurationIsVisible = 0;
			defaultConfigurationName = Release;
		};
		0714B18D28E7E4CA00E7F2BE /* Build configuration list for PBXNativeTarget "takehome" */ = {
			isa = XCConfigurationList;
			buildConfigurations = (
				0714B18E28E7E4CA00E7F2BE /* Debug */,
				0714B18F28E7E4CA00E7F2BE /* Release */,
			);
			defaultConfigurationIsVisible = 0;
			defaultConfigurationName = Release;
		};
		520CB672291B33B5006082DB /* Build configuration list for PBXNativeTarget "takehomeUnitTests" */ = {
			isa = XCConfigurationList;
			buildConfigurations = (
				520CB673291B33B5006082DB /* Debug */,
				520CB674291B33B5006082DB /* Release */,
			);
			defaultConfigurationIsVisible = 0;
			defaultConfigurationName = Release;
		};
/* End XCConfigurationList section */

/* Begin XCRemoteSwiftPackageReference section */
		520CB640291AF695006082DB /* XCRemoteSwiftPackageReference "CalendlyNetworkManager" */ = {
			isa = XCRemoteSwiftPackageReference;
			repositoryURL = "https://github.com/decodealex/CalendlyNetworkManager.git";
			requirement = {
				branch = main;
				kind = branch;
			};
		};
/* End XCRemoteSwiftPackageReference section */

/* Begin XCSwiftPackageProductDependency section */
		520CB641291AF695006082DB /* CalendlyNetworkService */ = {
			isa = XCSwiftPackageProductDependency;
			package = 520CB640291AF695006082DB /* XCRemoteSwiftPackageReference "CalendlyNetworkManager" */;
			productName = CalendlyNetworkService;
		};
/* End XCSwiftPackageProductDependency section */
	};
	rootObject = 0714B15B28E7E4C900E7F2BE /* Project object */;
}
